
Microsoft Visual Studio Solution File, Format Version 12.00
# Visual Studio 2013
VisualStudioVersion = 12.0.20827.3
MinimumVisualStudioVersion = 10.0.40219.1
Project("{FAE04EC0-301F-11D3-BF4B-00C04F79EFBC}") = "Subby", "subby\Subby.csproj", "{D73D794C-3585-4C38-B04E-41400551AB24}"
EndProject
Project("{FAE04EC0-301F-11D3-BF4B-00C04F79EFBC}") = "Subby.Core", "subby.core\Subby.Core.csproj", "{91B85442-DA11-424D-8761-B80AB228E7F6}"
EndProject
Project("{2150E333-8FDC-42A3-9474-1A3956D46DE8}") = ".nuget", ".nuget", "{D1C171A6-D190-424A-ABC3-2D0412F60199}"
	ProjectSection(SolutionItems) = preProject
		.nuget\packages.config = .nuget\packages.config
	EndProjectSection
EndProject
Project("{FAE04EC0-301F-11D3-BF4B-00C04F79EFBC}") = "Subby.Core.Test", "Subby.Core.Test\Subby.Core.Test.csproj", "{AAB882D2-522E-4595-B967-51CF58D4EEFA}"
EndProject
Global
	GlobalSection(SolutionConfigurationPlatforms) = preSolution
		Debug|Any CPU = Debug|Any CPU
		Release|Any CPU = Release|Any CPU
	EndGlobalSection
	GlobalSection(ProjectConfigurationPlatforms) = postSolution
		{D73D794C-3585-4C38-B04E-41400551AB24}.Debug|Any CPU.ActiveCfg = Debug|Any CPU
		{D73D794C-3585-4C38-B04E-41400551AB24}.Debug|Any CPU.Build.0 = Debug|Any CPU
		{D73D794C-3585-4C38-B04E-41400551AB24}.Release|Any CPU.ActiveCfg = Release|Any CPU
		{D73D794C-3585-4C38-B04E-41400551AB24}.Release|Any CPU.Build.0 = Release|Any CPU
		{91B85442-DA11-424D-8761-B80AB228E7F6}.Debug|Any CPU.ActiveCfg = Debug|Any CPU
		{91B85442-DA11-424D-8761-B80AB228E7F6}.Debug|Any CPU.Build.0 = Debug|Any CPU
		{91B85442-DA11-424D-8761-B80AB228E7F6}.Release|Any CPU.ActiveCfg = Release|Any CPU
		{91B85442-DA11-424D-8761-B80AB228E7F6}.Release|Any CPU.Build.0 = Release|Any CPU
		{AAB882D2-522E-4595-B967-51CF58D4EEFA}.Debug|Any CPU.ActiveCfg = Debug|Any CPU
		{AAB882D2-522E-4595-B967-51CF58D4EEFA}.Debug|Any CPU.Build.0 = Debug|Any CPU
		{AAB882D2-522E-4595-B967-51CF58D4EEFA}.Release|Any CPU.ActiveCfg = Release|Any CPU
		{AAB882D2-522E-4595-B967-51CF58D4EEFA}.Release|Any CPU.Build.0 = Release|Any CPU
	EndGlobalSection
	GlobalSection(SolutionProperties) = preSolution
		HideSolutionNode = FALSE
	EndGlobalSection
EndGlobal
